// !$*UTF8*$!
{
	archiveVersion = 1;
	classes = {
	};
	objectVersion = 48;
	objects = {

/* Begin PBXBuildFile section */
		0026B7AB050C4BC8D604D4AD /* libPods-LYDemo.a in Frameworks */ = {isa = PBXBuildFile; fileRef = 32B3CB7DA9EB7635964ACEEF /* libPods-LYDemo.a */; };
		C61B362D1FFB8BBD0080BFDE /* AppDelegate.m in Sources */ = {isa = PBXBuildFile; fileRef = C61B362C1FFB8BBD0080BFDE /* AppDelegate.m */; };
		C61B36331FFB8BBD0080BFDE /* Main.storyboard in Resources */ = {isa = PBXBuildFile; fileRef = C61B36311FFB8BBD0080BFDE /* Main.storyboard */; };
		C61B36351FFB8BBD0080BFDE /* Assets.xcassets in Resources */ = {isa = PBXBuildFile; fileRef = C61B36341FFB8BBD0080BFDE /* Assets.xcassets */; };
		C61B36381FFB8BBD0080BFDE /* LaunchScreen.storyboard in Resources */ = {isa = PBXBuildFile; fileRef = C61B36361FFB8BBD0080BFDE /* LaunchScreen.storyboard */; };
		C61B363B1FFB8BBD0080BFDE /* main.m in Sources */ = {isa = PBXBuildFile; fileRef = C61B363A1FFB8BBD0080BFDE /* main.m */; };
		C63A16231FFC78A70030974E /* Tools.m in Sources */ = {isa = PBXBuildFile; fileRef = C63A16221FFC78A70030974E /* Tools.m */; };
		C63A16281FFC79FA0030974E /* NSString+Valid.m in Sources */ = {isa = PBXBuildFile; fileRef = C63A16241FFC79FA0030974E /* NSString+Valid.m */; };
		C63A16291FFC79FA0030974E /* UIImageView+RotateImgV.m in Sources */ = {isa = PBXBuildFile; fileRef = C63A16271FFC79FA0030974E /* UIImageView+RotateImgV.m */; };
		C63A162F1FFC87AC0030974E /* NSDateFormatter+Category.m in Sources */ = {isa = PBXBuildFile; fileRef = C63A162C1FFC87AC0030974E /* NSDateFormatter+Category.m */; };
		C63A16321FFCBC980030974E /* AppDelegate+RootController.m in Sources */ = {isa = PBXBuildFile; fileRef = C63A16301FFCBC980030974E /* AppDelegate+RootController.m */; };
		C63A163A1FFCBE9A0030974E /* BaseTabBarController.m in Sources */ = {isa = PBXBuildFile; fileRef = C63A16341FFCBE990030974E /* BaseTabBarController.m */; };
		C63A163B1FFCBE9A0030974E /* BaseViewController.m in Sources */ = {isa = PBXBuildFile; fileRef = C63A16361FFCBE9A0030974E /* BaseViewController.m */; };
		C63A163C1FFCBE9A0030974E /* BaseNavigationController.m in Sources */ = {isa = PBXBuildFile; fileRef = C63A16371FFCBE9A0030974E /* BaseNavigationController.m */; };
		C63A16431FFCCFC70030974E /* HomeViewController.m in Sources */ = {isa = PBXBuildFile; fileRef = C63A16421FFCCFC70030974E /* HomeViewController.m */; };
		C63A16461FFCD0540030974E /* MineViewController.m in Sources */ = {isa = PBXBuildFile; fileRef = C63A16451FFCD0540030974E /* MineViewController.m */; };
		C63A16491FFCD0640030974E /* SecondViewController.m in Sources */ = {isa = PBXBuildFile; fileRef = C63A16481FFCD0640030974E /* SecondViewController.m */; };
		C63A164C1FFCD06F0030974E /* ThirdViewController.m in Sources */ = {isa = PBXBuildFile; fileRef = C63A164B1FFCD06F0030974E /* ThirdViewController.m */; };
		C63E9B47201978E9008D04C5 /* HealthKit.framework in Frameworks */ = {isa = PBXBuildFile; fileRef = C63E9B46201978E9008D04C5 /* HealthKit.framework */; };
		C63E9B4A201980A4008D04C5 /* LYHealthManager.m in Sources */ = {isa = PBXBuildFile; fileRef = C63E9B49201980A4008D04C5 /* LYHealthManager.m */; };
		C63E9B4E2019DAB0008D04C5 /* HealthViewController.m in Sources */ = {isa = PBXBuildFile; fileRef = C63E9B4D2019DAB0008D04C5 /* HealthViewController.m */; };
		C646EA602007590D00BF17BE /* PaoMaViewController.m in Sources */ = {isa = PBXBuildFile; fileRef = C646EA5F2007590D00BF17BE /* PaoMaViewController.m */; };
		C6510B77202BF15D0094E87E /* BezierViewController.m in Sources */ = {isa = PBXBuildFile; fileRef = C6510B75202BF15D0094E87E /* BezierViewController.m */; };
		C6510B7A202BF1650094E87E /* UIBezierPathView.m in Sources */ = {isa = PBXBuildFile; fileRef = C6510B78202BF1650094E87E /* UIBezierPathView.m */; };
		C6585585202D97B2005AAC69 /* LYSpeechSynthesizer.m in Sources */ = {isa = PBXBuildFile; fileRef = C6585584202D97B2005AAC69 /* LYSpeechSynthesizer.m */; };
		C65C39B7200DA1360080AF4D /* CopyViewController.m in Sources */ = {isa = PBXBuildFile; fileRef = C65C39B6200DA1360080AF4D /* CopyViewController.m */; };
		C65C39BA200DA1F20080AF4D /* CopyModel.m in Sources */ = {isa = PBXBuildFile; fileRef = C65C39B9200DA1F20080AF4D /* CopyModel.m */; };
		C66326D21FFE000F00A98E29 /* IronMan.jpg in Resources */ = {isa = PBXBuildFile; fileRef = C66326D11FFE000F00A98E29 /* IronMan.jpg */; };
		C66326D81FFE0C5400A98E29 /* FontNameViewController.m in Sources */ = {isa = PBXBuildFile; fileRef = C66326D71FFE0C5400A98E29 /* FontNameViewController.m */; };
		C66326DA1FFE103900A98E29 /* 迷你简丫丫.ttf in Resources */ = {isa = PBXBuildFile; fileRef = C66326D91FFE103900A98E29 /* 迷你简丫丫.ttf */; };
		C66326DE1FFE1EE700A98E29 /* WebViewController.m in Sources */ = {isa = PBXBuildFile; fileRef = C66326DD1FFE1EE700A98E29 /* WebViewController.m */; };
		C66C689220298218007628A7 /* GCDViewController.m in Sources */ = {isa = PBXBuildFile; fileRef = C66C689020298218007628A7 /* GCDViewController.m */; };
		C66D544E20181C17009FF2F3 /* home@2x.png in Resources */ = {isa = PBXBuildFile; fileRef = C66D543C20181C17009FF2F3 /* home@2x.png */; };
		C66D544F20181C17009FF2F3 /* home@3x.png in Resources */ = {isa = PBXBuildFile; fileRef = C66D543D20181C17009FF2F3 /* home@3x.png */; };
		C66D545020181C17009FF2F3 /* home_select@2x.png in Resources */ = {isa = PBXBuildFile; fileRef = C66D543E20181C17009FF2F3 /* home_select@2x.png */; };
		C66D545120181C17009FF2F3 /* home_select@3x.png in Resources */ = {isa = PBXBuildFile; fileRef = C66D543F20181C17009FF2F3 /* home_select@3x.png */; };
		C66D545220181C17009FF2F3 /* me@2x.png in Resources */ = {isa = PBXBuildFile; fileRef = C66D544020181C17009FF2F3 /* me@2x.png */; };
		C66D545320181C17009FF2F3 /* me@3x.png in Resources */ = {isa = PBXBuildFile; fileRef = C66D544120181C17009FF2F3 /* me@3x.png */; };
		C66D545420181C17009FF2F3 /* me_select@2x.png in Resources */ = {isa = PBXBuildFile; fileRef = C66D544220181C17009FF2F3 /* me_select@2x.png */; };
		C66D545520181C17009FF2F3 /* me_select@3x.png in Resources */ = {isa = PBXBuildFile; fileRef = C66D544320181C17009FF2F3 /* me_select@3x.png */; };
		C66D545620181C17009FF2F3 /* msgBoard@2x.png in Resources */ = {isa = PBXBuildFile; fileRef = C66D544420181C17009FF2F3 /* msgBoard@2x.png */; };
		C66D545720181C17009FF2F3 /* msgBoard@3x.png in Resources */ = {isa = PBXBuildFile; fileRef = C66D544520181C17009FF2F3 /* msgBoard@3x.png */; };
		C66D545820181C17009FF2F3 /* msgBoard_select@2x.png in Resources */ = {isa = PBXBuildFile; fileRef = C66D544620181C17009FF2F3 /* msgBoard_select@2x.png */; };
		C66D545920181C17009FF2F3 /* msgBoard_select@3x.png in Resources */ = {isa = PBXBuildFile; fileRef = C66D544720181C17009FF2F3 /* msgBoard_select@3x.png */; };
		C66D545A20181C17009FF2F3 /* shop@2x.png in Resources */ = {isa = PBXBuildFile; fileRef = C66D544820181C17009FF2F3 /* shop@2x.png */; };
		C66D545B20181C17009FF2F3 /* shop@3x.png in Resources */ = {isa = PBXBuildFile; fileRef = C66D544920181C17009FF2F3 /* shop@3x.png */; };
		C66D545C20181C17009FF2F3 /* shop_select@2x.png in Resources */ = {isa = PBXBuildFile; fileRef = C66D544A20181C17009FF2F3 /* shop_select@2x.png */; };
		C66D545D20181C17009FF2F3 /* shop_select@3x.png in Resources */ = {isa = PBXBuildFile; fileRef = C66D544B20181C17009FF2F3 /* shop_select@3x.png */; };
		C66D7E26200A04DA00BE7D9A /* LYKeychain.m in Sources */ = {isa = PBXBuildFile; fileRef = C66D7E25200A04DA00BE7D9A /* LYKeychain.m */; };
		C66D7E29200A08DE00BE7D9A /* UUIDKeychainManager.m in Sources */ = {isa = PBXBuildFile; fileRef = C66D7E28200A08DE00BE7D9A /* UUIDKeychainManager.m */; };
		C66E2604200893CD007691E8 /* UIView+LYExtension.m in Sources */ = {isa = PBXBuildFile; fileRef = C66E2603200893CD007691E8 /* UIView+LYExtension.m */; };
		C66E260B2008A71D007691E8 /* Security.framework in Frameworks */ = {isa = PBXBuildFile; fileRef = C66E260A2008A427007691E8 /* Security.framework */; };
		C66E260F2008B0D2007691E8 /* UUIDViewController.m in Sources */ = {isa = PBXBuildFile; fileRef = C66E260E2008B0D2007691E8 /* UUIDViewController.m */; };
		C66FFF22202196B8004A6F45 /* NSTimerViewController.m in Sources */ = {isa = PBXBuildFile; fileRef = C66FFF21202196B7004A6F45 /* NSTimerViewController.m */; };
		C6C17B1A202599480081FBFA /* WKWebViewController.m in Sources */ = {isa = PBXBuildFile; fileRef = C6C17B19202599480081FBFA /* WKWebViewController.m */; };
		C6C4F2CE2049430000CB5E5D /* AFDownloadViewController.m in Sources */ = {isa = PBXBuildFile; fileRef = C6C4F2CD2049430000CB5E5D /* AFDownloadViewController.m */; };
		C6C4F2D2204955A400CB5E5D /* LocalNotiViewController.m in Sources */ = {isa = PBXBuildFile; fileRef = C6C4F2D1204955A400CB5E5D /* LocalNotiViewController.m */; };
/* End PBXBuildFile section */

/* Begin PBXFileReference section */
		32B3CB7DA9EB7635964ACEEF /* libPods-LYDemo.a */ = {isa = PBXFileReference; explicitFileType = archive.ar; includeInIndex = 0; path = "libPods-LYDemo.a"; sourceTree = BUILT_PRODUCTS_DIR; };
		7B3A87205056319D42429D43 /* Pods-LYDemo.release.xcconfig */ = {isa = PBXFileReference; includeInIndex = 1; lastKnownFileType = text.xcconfig; name = "Pods-LYDemo.release.xcconfig"; path = "Pods/Target Support Files/Pods-LYDemo/Pods-LYDemo.release.xcconfig"; sourceTree = "<group>"; };
		9B67FAC31D49778428557633 /* Pods-LYDemo.debug.xcconfig */ = {isa = PBXFileReference; includeInIndex = 1; lastKnownFileType = text.xcconfig; name = "Pods-LYDemo.debug.xcconfig"; path = "Pods/Target Support Files/Pods-LYDemo/Pods-LYDemo.debug.xcconfig"; sourceTree = "<group>"; };
		C61B36281FFB8BBD0080BFDE /* LYDemo.app */ = {isa = PBXFileReference; explicitFileType = wrapper.application; includeInIndex = 0; path = LYDemo.app; sourceTree = BUILT_PRODUCTS_DIR; };
		C61B362B1FFB8BBD0080BFDE /* AppDelegate.h */ = {isa = PBXFileReference; lastKnownFileType = sourcecode.c.h; path = AppDelegate.h; sourceTree = "<group>"; };
		C61B362C1FFB8BBD0080BFDE /* AppDelegate.m */ = {isa = PBXFileReference; lastKnownFileType = sourcecode.c.objc; path = AppDelegate.m; sourceTree = "<group>"; };
		C61B36321FFB8BBD0080BFDE /* Base */ = {isa = PBXFileReference; lastKnownFileType = file.storyboard; name = Base; path = Base.lproj/Main.storyboard; sourceTree = "<group>"; };
		C61B36341FFB8BBD0080BFDE /* Assets.xcassets */ = {isa = PBXFileReference; lastKnownFileType = folder.assetcatalog; path = Assets.xcassets; sourceTree = "<group>"; };
		C61B36371FFB8BBD0080BFDE /* Base */ = {isa = PBXFileReference; lastKnownFileType = file.storyboard; name = Base; path = Base.lproj/LaunchScreen.storyboard; sourceTree = "<group>"; };
		C61B36391FFB8BBD0080BFDE /* Info.plist */ = {isa = PBXFileReference; lastKnownFileType = text.plist.xml; path = Info.plist; sourceTree = "<group>"; };
		C61B363A1FFB8BBD0080BFDE /* main.m */ = {isa = PBXFileReference; lastKnownFileType = sourcecode.c.objc; path = main.m; sourceTree = "<group>"; };
		C63A16171FFC73CF0030974E /* LYDemo.pch */ = {isa = PBXFileReference; lastKnownFileType = sourcecode.c.h; path = LYDemo.pch; sourceTree = "<group>"; };
		C63A16201FFC78880030974E /* LYCategory.h */ = {isa = PBXFileReference; fileEncoding = 4; lastKnownFileType = sourcecode.c.h; path = LYCategory.h; sourceTree = "<group>"; };
		C63A16211FFC78A70030974E /* Tools.h */ = {isa = PBXFileReference; fileEncoding = 4; lastKnownFileType = sourcecode.c.h; path = Tools.h; sourceTree = "<group>"; };
		C63A16221FFC78A70030974E /* Tools.m */ = {isa = PBXFileReference; fileEncoding = 4; lastKnownFileType = sourcecode.c.objc; path = Tools.m; sourceTree = "<group>"; };
		C63A16241FFC79FA0030974E /* NSString+Valid.m */ = {isa = PBXFileReference; fileEncoding = 4; lastKnownFileType = sourcecode.c.objc; path = "NSString+Valid.m"; sourceTree = "<group>"; };
		C63A16251FFC79FA0030974E /* NSString+Valid.h */ = {isa = PBXFileReference; fileEncoding = 4; lastKnownFileType = sourcecode.c.h; path = "NSString+Valid.h"; sourceTree = "<group>"; };
		C63A16261FFC79FA0030974E /* UIImageView+RotateImgV.h */ = {isa = PBXFileReference; fileEncoding = 4; lastKnownFileType = sourcecode.c.h; path = "UIImageView+RotateImgV.h"; sourceTree = "<group>"; };
		C63A16271FFC79FA0030974E /* UIImageView+RotateImgV.m */ = {isa = PBXFileReference; fileEncoding = 4; lastKnownFileType = sourcecode.c.objc; path = "UIImageView+RotateImgV.m"; sourceTree = "<group>"; };
		C63A162B1FFC87AC0030974E /* NSDateFormatter+Category.h */ = {isa = PBXFileReference; fileEncoding = 4; lastKnownFileType = sourcecode.c.h; path = "NSDateFormatter+Category.h"; sourceTree = "<group>"; };
		C63A162C1FFC87AC0030974E /* NSDateFormatter+Category.m */ = {isa = PBXFileReference; fileEncoding = 4; lastKnownFileType = sourcecode.c.objc; path = "NSDateFormatter+Category.m"; sourceTree = "<group>"; };
		C63A16301FFCBC980030974E /* AppDelegate+RootController.m */ = {isa = PBXFileReference; fileEncoding = 4; lastKnownFileType = sourcecode.c.objc; path = "AppDelegate+RootController.m"; sourceTree = "<group>"; };
		C63A16311FFCBC980030974E /* AppDelegate+RootController.h */ = {isa = PBXFileReference; fileEncoding = 4; lastKnownFileType = sourcecode.c.h; path = "AppDelegate+RootController.h"; sourceTree = "<group>"; };
		C63A16341FFCBE990030974E /* BaseTabBarController.m */ = {isa = PBXFileReference; fileEncoding = 4; lastKnownFileType = sourcecode.c.objc; path = BaseTabBarController.m; sourceTree = "<group>"; };
		C63A16351FFCBE990030974E /* BaseViewController.h */ = {isa = PBXFileReference; fileEncoding = 4; lastKnownFileType = sourcecode.c.h; path = BaseViewController.h; sourceTree = "<group>"; };
		C63A16361FFCBE9A0030974E /* BaseViewController.m */ = {isa = PBXFileReference; fileEncoding = 4; lastKnownFileType = sourcecode.c.objc; path = BaseViewController.m; sourceTree = "<group>"; };
		C63A16371FFCBE9A0030974E /* BaseNavigationController.m */ = {isa = PBXFileReference; fileEncoding = 4; lastKnownFileType = sourcecode.c.objc; path = BaseNavigationController.m; sourceTree = "<group>"; };
		C63A16381FFCBE9A0030974E /* BaseTabBarController.h */ = {isa = PBXFileReference; fileEncoding = 4; lastKnownFileType = sourcecode.c.h; path = BaseTabBarController.h; sourceTree = "<group>"; };
		C63A16391FFCBE9A0030974E /* BaseNavigationController.h */ = {isa = PBXFileReference; fileEncoding = 4; lastKnownFileType = sourcecode.c.h; path = BaseNavigationController.h; sourceTree = "<group>"; };
		C63A16411FFCCFC70030974E /* HomeViewController.h */ = {isa = PBXFileReference; lastKnownFileType = sourcecode.c.h; path = HomeViewController.h; sourceTree = "<group>"; };
		C63A16421FFCCFC70030974E /* HomeViewController.m */ = {isa = PBXFileReference; lastKnownFileType = sourcecode.c.objc; path = HomeViewController.m; sourceTree = "<group>"; };
		C63A16441FFCD0540030974E /* MineViewController.h */ = {isa = PBXFileReference; lastKnownFileType = sourcecode.c.h; path = MineViewController.h; sourceTree = "<group>"; };
		C63A16451FFCD0540030974E /* MineViewController.m */ = {isa = PBXFileReference; lastKnownFileType = sourcecode.c.objc; path = MineViewController.m; sourceTree = "<group>"; };
		C63A16471FFCD0640030974E /* SecondViewController.h */ = {isa = PBXFileReference; lastKnownFileType = sourcecode.c.h; path = SecondViewController.h; sourceTree = "<group>"; };
		C63A16481FFCD0640030974E /* SecondViewController.m */ = {isa = PBXFileReference; lastKnownFileType = sourcecode.c.objc; path = SecondViewController.m; sourceTree = "<group>"; };
		C63A164A1FFCD06F0030974E /* ThirdViewController.h */ = {isa = PBXFileReference; lastKnownFileType = sourcecode.c.h; path = ThirdViewController.h; sourceTree = "<group>"; };
		C63A164B1FFCD06F0030974E /* ThirdViewController.m */ = {isa = PBXFileReference; lastKnownFileType = sourcecode.c.objc; path = ThirdViewController.m; sourceTree = "<group>"; };
		C63E9B43201978AF008D04C5 /* LYDemo.entitlements */ = {isa = PBXFileReference; lastKnownFileType = text.plist.entitlements; path = LYDemo.entitlements; sourceTree = "<group>"; };
		C63E9B46201978E9008D04C5 /* HealthKit.framework */ = {isa = PBXFileReference; lastKnownFileType = wrapper.framework; name = HealthKit.framework; path = System/Library/Frameworks/HealthKit.framework; sourceTree = SDKROOT; };
		C63E9B48201980A4008D04C5 /* LYHealthManager.h */ = {isa = PBXFileReference; lastKnownFileType = sourcecode.c.h; path = LYHealthManager.h; sourceTree = "<group>"; };
		C63E9B49201980A4008D04C5 /* LYHealthManager.m */ = {isa = PBXFileReference; lastKnownFileType = sourcecode.c.objc; path = LYHealthManager.m; sourceTree = "<group>"; };
		C63E9B4C2019DAB0008D04C5 /* HealthViewController.h */ = {isa = PBXFileReference; lastKnownFileType = sourcecode.c.h; path = HealthViewController.h; sourceTree = "<group>"; };
		C63E9B4D2019DAB0008D04C5 /* HealthViewController.m */ = {isa = PBXFileReference; lastKnownFileType = sourcecode.c.objc; path = HealthViewController.m; sourceTree = "<group>"; };
		C646EA5E2007590D00BF17BE /* PaoMaViewController.h */ = {isa = PBXFileReference; lastKnownFileType = sourcecode.c.h; path = PaoMaViewController.h; sourceTree = "<group>"; };
		C646EA5F2007590D00BF17BE /* PaoMaViewController.m */ = {isa = PBXFileReference; lastKnownFileType = sourcecode.c.objc; path = PaoMaViewController.m; sourceTree = "<group>"; };
		C6510B75202BF15D0094E87E /* BezierViewController.m */ = {isa = PBXFileReference; fileEncoding = 4; lastKnownFileType = sourcecode.c.objc; path = BezierViewController.m; sourceTree = "<group>"; };
		C6510B76202BF15D0094E87E /* BezierViewController.h */ = {isa = PBXFileReference; fileEncoding = 4; lastKnownFileType = sourcecode.c.h; path = BezierViewController.h; sourceTree = "<group>"; };
		C6510B78202BF1650094E87E /* UIBezierPathView.m */ = {isa = PBXFileReference; fileEncoding = 4; lastKnownFileType = sourcecode.c.objc; path = UIBezierPathView.m; sourceTree = "<group>"; };
		C6510B79202BF1650094E87E /* UIBezierPathView.h */ = {isa = PBXFileReference; fileEncoding = 4; lastKnownFileType = sourcecode.c.h; path = UIBezierPathView.h; sourceTree = "<group>"; };
		C6585583202D97B2005AAC69 /* LYSpeechSynthesizer.h */ = {isa = PBXFileReference; fileEncoding = 4; lastKnownFileType = sourcecode.c.h; path = LYSpeechSynthesizer.h; sourceTree = "<group>"; };
		C6585584202D97B2005AAC69 /* LYSpeechSynthesizer.m */ = {isa = PBXFileReference; fileEncoding = 4; lastKnownFileType = sourcecode.c.objc; path = LYSpeechSynthesizer.m; sourceTree = "<group>"; };
		C65C39B5200DA1360080AF4D /* CopyViewController.h */ = {isa = PBXFileReference; lastKnownFileType = sourcecode.c.h; path = CopyViewController.h; sourceTree = "<group>"; };
		C65C39B6200DA1360080AF4D /* CopyViewController.m */ = {isa = PBXFileReference; lastKnownFileType = sourcecode.c.objc; path = CopyViewController.m; sourceTree = "<group>"; };
		C65C39B8200DA1F20080AF4D /* CopyModel.h */ = {isa = PBXFileReference; lastKnownFileType = sourcecode.c.h; path = CopyModel.h; sourceTree = "<group>"; };
		C65C39B9200DA1F20080AF4D /* CopyModel.m */ = {isa = PBXFileReference; lastKnownFileType = sourcecode.c.objc; path = CopyModel.m; sourceTree = "<group>"; };
		C66326D11FFE000F00A98E29 /* IronMan.jpg */ = {isa = PBXFileReference; lastKnownFileType = image.jpeg; path = IronMan.jpg; sourceTree = "<group>"; };
		C66326D61FFE0C5400A98E29 /* FontNameViewController.h */ = {isa = PBXFileReference; lastKnownFileType = sourcecode.c.h; path = FontNameViewController.h; sourceTree = "<group>"; };
		C66326D71FFE0C5400A98E29 /* FontNameViewController.m */ = {isa = PBXFileReference; lastKnownFileType = sourcecode.c.objc; path = FontNameViewController.m; sourceTree = "<group>"; };
		C66326D91FFE103900A98E29 /* 迷你简丫丫.ttf */ = {isa = PBXFileReference; lastKnownFileType = file; path = "迷你简丫丫.ttf"; sourceTree = "<group>"; };
		C66326DC1FFE1EE700A98E29 /* WebViewController.h */ = {isa = PBXFileReference; lastKnownFileType = sourcecode.c.h; path = WebViewController.h; sourceTree = "<group>"; };
		C66326DD1FFE1EE700A98E29 /* WebViewController.m */ = {isa = PBXFileReference; lastKnownFileType = sourcecode.c.objc; path = WebViewController.m; sourceTree = "<group>"; };
		C66C689020298218007628A7 /* GCDViewController.m */ = {isa = PBXFileReference; fileEncoding = 4; lastKnownFileType = sourcecode.c.objc; path = GCDViewController.m; sourceTree = "<group>"; };
		C66C689120298218007628A7 /* GCDViewController.h */ = {isa = PBXFileReference; fileEncoding = 4; lastKnownFileType = sourcecode.c.h; path = GCDViewController.h; sourceTree = "<group>"; };
		C66D543C20181C17009FF2F3 /* home@2x.png */ = {isa = PBXFileReference; lastKnownFileType = image.png; path = "home@2x.png"; sourceTree = "<group>"; };
		C66D543D20181C17009FF2F3 /* home@3x.png */ = {isa = PBXFileReference; lastKnownFileType = image.png; path = "home@3x.png"; sourceTree = "<group>"; };
		C66D543E20181C17009FF2F3 /* home_select@2x.png */ = {isa = PBXFileReference; lastKnownFileType = image.png; path = "home_select@2x.png"; sourceTree = "<group>"; };
		C66D543F20181C17009FF2F3 /* home_select@3x.png */ = {isa = PBXFileReference; lastKnownFileType = image.png; path = "home_select@3x.png"; sourceTree = "<group>"; };
		C66D544020181C17009FF2F3 /* me@2x.png */ = {isa = PBXFileReference; lastKnownFileType = image.png; path = "me@2x.png"; sourceTree = "<group>"; };
		C66D544120181C17009FF2F3 /* me@3x.png */ = {isa = PBXFileReference; lastKnownFileType = image.png; path = "me@3x.png"; sourceTree = "<group>"; };
		C66D544220181C17009FF2F3 /* me_select@2x.png */ = {isa = PBXFileReference; lastKnownFileType = image.png; path = "me_select@2x.png"; sourceTree = "<group>"; };
		C66D544320181C17009FF2F3 /* me_select@3x.png */ = {isa = PBXFileReference; lastKnownFileType = image.png; path = "me_select@3x.png"; sourceTree = "<group>"; };
		C66D544420181C17009FF2F3 /* msgBoard@2x.png */ = {isa = PBXFileReference; lastKnownFileType = image.png; path = "msgBoard@2x.png"; sourceTree = "<group>"; };
		C66D544520181C17009FF2F3 /* msgBoard@3x.png */ = {isa = PBXFileReference; lastKnownFileType = image.png; path = "msgBoard@3x.png"; sourceTree = "<group>"; };
		C66D544620181C17009FF2F3 /* msgBoard_select@2x.png */ = {isa = PBXFileReference; lastKnownFileType = image.png; path = "msgBoard_select@2x.png"; sourceTree = "<group>"; };
		C66D544720181C17009FF2F3 /* msgBoard_select@3x.png */ = {isa = PBXFileReference; lastKnownFileType = image.png; path = "msgBoard_select@3x.png"; sourceTree = "<group>"; };
		C66D544820181C17009FF2F3 /* shop@2x.png */ = {isa = PBXFileReference; lastKnownFileType = image.png; path = "shop@2x.png"; sourceTree = "<group>"; };
		C66D544920181C17009FF2F3 /* shop@3x.png */ = {isa = PBXFileReference; lastKnownFileType = image.png; path = "shop@3x.png"; sourceTree = "<group>"; };
		C66D544A20181C17009FF2F3 /* shop_select@2x.png */ = {isa = PBXFileReference; lastKnownFileType = image.png; path = "shop_select@2x.png"; sourceTree = "<group>"; };
		C66D544B20181C17009FF2F3 /* shop_select@3x.png */ = {isa = PBXFileReference; lastKnownFileType = image.png; path = "shop_select@3x.png"; sourceTree = "<group>"; };
		C66D7E24200A04DA00BE7D9A /* LYKeychain.h */ = {isa = PBXFileReference; lastKnownFileType = sourcecode.c.h; path = LYKeychain.h; sourceTree = "<group>"; };
		C66D7E25200A04DA00BE7D9A /* LYKeychain.m */ = {isa = PBXFileReference; lastKnownFileType = sourcecode.c.objc; path = LYKeychain.m; sourceTree = "<group>"; };
		C66D7E27200A08DE00BE7D9A /* UUIDKeychainManager.h */ = {isa = PBXFileReference; lastKnownFileType = sourcecode.c.h; path = UUIDKeychainManager.h; sourceTree = "<group>"; };
		C66D7E28200A08DE00BE7D9A /* UUIDKeychainManager.m */ = {isa = PBXFileReference; lastKnownFileType = sourcecode.c.objc; path = UUIDKeychainManager.m; sourceTree = "<group>"; };
		C66E2602200893CD007691E8 /* UIView+LYExtension.h */ = {isa = PBXFileReference; lastKnownFileType = sourcecode.c.h; path = "UIView+LYExtension.h"; sourceTree = "<group>"; };
		C66E2603200893CD007691E8 /* UIView+LYExtension.m */ = {isa = PBXFileReference; lastKnownFileType = sourcecode.c.objc; path = "UIView+LYExtension.m"; sourceTree = "<group>"; };
		C66E260A2008A427007691E8 /* Security.framework */ = {isa = PBXFileReference; lastKnownFileType = wrapper.framework; name = Security.framework; path = System/Library/Frameworks/Security.framework; sourceTree = SDKROOT; };
		C66E260D2008B0D2007691E8 /* UUIDViewController.h */ = {isa = PBXFileReference; lastKnownFileType = sourcecode.c.h; path = UUIDViewController.h; sourceTree = "<group>"; };
		C66E260E2008B0D2007691E8 /* UUIDViewController.m */ = {isa = PBXFileReference; lastKnownFileType = sourcecode.c.objc; path = UUIDViewController.m; sourceTree = "<group>"; };
		C66FFF20202196B7004A6F45 /* NSTimerViewController.h */ = {isa = PBXFileReference; fileEncoding = 4; lastKnownFileType = sourcecode.c.h; path = NSTimerViewController.h; sourceTree = "<group>"; };
		C66FFF21202196B7004A6F45 /* NSTimerViewController.m */ = {isa = PBXFileReference; fileEncoding = 4; lastKnownFileType = sourcecode.c.objc; path = NSTimerViewController.m; sourceTree = "<group>"; };
		C6C17B18202599480081FBFA /* WKWebViewController.h */ = {isa = PBXFileReference; lastKnownFileType = sourcecode.c.h; path = WKWebViewController.h; sourceTree = "<group>"; };
		C6C17B19202599480081FBFA /* WKWebViewController.m */ = {isa = PBXFileReference; lastKnownFileType = sourcecode.c.objc; path = WKWebViewController.m; sourceTree = "<group>"; };
		C6C4F2CC2049430000CB5E5D /* AFDownloadViewController.h */ = {isa = PBXFileReference; fileEncoding = 4; lastKnownFileType = sourcecode.c.h; path = AFDownloadViewController.h; sourceTree = "<group>"; };
		C6C4F2CD2049430000CB5E5D /* AFDownloadViewController.m */ = {isa = PBXFileReference; fileEncoding = 4; lastKnownFileType = sourcecode.c.objc; path = AFDownloadViewController.m; sourceTree = "<group>"; };
		C6C4F2D0204955A400CB5E5D /* LocalNotiViewController.h */ = {isa = PBXFileReference; fileEncoding = 4; lastKnownFileType = sourcecode.c.h; path = LocalNotiViewController.h; sourceTree = "<group>"; };
		C6C4F2D1204955A400CB5E5D /* LocalNotiViewController.m */ = {isa = PBXFileReference; fileEncoding = 4; lastKnownFileType = sourcecode.c.objc; path = LocalNotiViewController.m; sourceTree = "<group>"; };
/* End PBXFileReference section */

/* Begin PBXFrameworksBuildPhase section */
		C61B36251FFB8BBD0080BFDE /* Frameworks */ = {
			isa = PBXFrameworksBuildPhase;
			buildActionMask = 2147483647;
			files = (
				C66E260B2008A71D007691E8 /* Security.framework in Frameworks */,
				C63E9B47201978E9008D04C5 /* HealthKit.framework in Frameworks */,
				0026B7AB050C4BC8D604D4AD /* libPods-LYDemo.a in Frameworks */,
			);
			runOnlyForDeploymentPostprocessing = 0;
		};
/* End PBXFrameworksBuildPhase section */

/* Begin PBXGroup section */
		74B4F323ACE12542AFDEA91F /* Pods */ = {
			isa = PBXGroup;
			children = (
				9B67FAC31D49778428557633 /* Pods-LYDemo.debug.xcconfig */,
				7B3A87205056319D42429D43 /* Pods-LYDemo.release.xcconfig */,
			);
			name = Pods;
			sourceTree = "<group>";
		};
		C61B361F1FFB8BBD0080BFDE = {
			isa = PBXGroup;
			children = (
				C61B362A1FFB8BBD0080BFDE /* LYDemo */,
				C61B36291FFB8BBD0080BFDE /* Products */,
				C66E26092008A426007691E8 /* Frameworks */,
				74B4F323ACE12542AFDEA91F /* Pods */,
			);
			sourceTree = "<group>";
		};
		C61B36291FFB8BBD0080BFDE /* Products */ = {
			isa = PBXGroup;
			children = (
				C61B36281FFB8BBD0080BFDE /* LYDemo.app */,
			);
			name = Products;
			sourceTree = "<group>";
		};
		C61B362A1FFB8BBD0080BFDE /* LYDemo */ = {
			isa = PBXGroup;
			children = (
				C63E9B43201978AF008D04C5 /* LYDemo.entitlements */,
				C63A16191FFC74F30030974E /* Classes */,
				C63A16181FFC74DA0030974E /* Resource */,
				C63A161A1FFC75050030974E /* Libs */,
				C61B362B1FFB8BBD0080BFDE /* AppDelegate.h */,
				C61B362C1FFB8BBD0080BFDE /* AppDelegate.m */,
				C63A16311FFCBC980030974E /* AppDelegate+RootController.h */,
				C63A16301FFCBC980030974E /* AppDelegate+RootController.m */,
				C63A16161FFC716C0030974E /* Supporting Files */,
			);
			path = LYDemo;
			sourceTree = "<group>";
		};
		C63A16161FFC716C0030974E /* Supporting Files */ = {
			isa = PBXGroup;
			children = (
				C61B36311FFB8BBD0080BFDE /* Main.storyboard */,
				C61B36361FFB8BBD0080BFDE /* LaunchScreen.storyboard */,
				C61B36341FFB8BBD0080BFDE /* Assets.xcassets */,
				C61B36391FFB8BBD0080BFDE /* Info.plist */,
				C61B363A1FFB8BBD0080BFDE /* main.m */,
				C63A16171FFC73CF0030974E /* LYDemo.pch */,
			);
			name = "Supporting Files";
			sourceTree = "<group>";
		};
		C63A16181FFC74DA0030974E /* Resource */ = {
			isa = PBXGroup;
			children = (
				C66D543820181BCE009FF2F3 /* Common */,
				C66D543920181C17009FF2F3 /* TabBar */,
			);
			path = Resource;
			sourceTree = "<group>";
		};
		C63A16191FFC74F30030974E /* Classes */ = {
			isa = PBXGroup;
			children = (
				C63A163F1FFCC0DE0030974E /* Home */,
				C63A16401FFCC5CC0030974E /* Second */,
				C63A163E1FFCC09D0030974E /* Third */,
				C63A163D1FFCC0930030974E /* Mine */,
			);
			path = Classes;
			sourceTree = "<group>";
		};
		C63A161A1FFC75050030974E /* Libs */ = {
			isa = PBXGroup;
			children = (
				C63A161B1FFC755A0030974E /* Category */,
				C63A161F1FFC75990030974E /* ThirdPart */,
				C63A16331FFCBE500030974E /* BaseActions */,
			);
			path = Libs;
			sourceTree = "<group>";
		};
		C63A161B1FFC755A0030974E /* Category */ = {
			isa = PBXGroup;
			children = (
				C63A16201FFC78880030974E /* LYCategory.h */,
				C63A16211FFC78A70030974E /* Tools.h */,
				C63A16221FFC78A70030974E /* Tools.m */,
				C63A16251FFC79FA0030974E /* NSString+Valid.h */,
				C63A16241FFC79FA0030974E /* NSString+Valid.m */,
				C66E2602200893CD007691E8 /* UIView+LYExtension.h */,
				C66E2603200893CD007691E8 /* UIView+LYExtension.m */,
				C63A16261FFC79FA0030974E /* UIImageView+RotateImgV.h */,
				C63A16271FFC79FA0030974E /* UIImageView+RotateImgV.m */,
				C63A162B1FFC87AC0030974E /* NSDateFormatter+Category.h */,
				C63A162C1FFC87AC0030974E /* NSDateFormatter+Category.m */,
			);
			path = Category;
			sourceTree = "<group>";
		};
		C63A161F1FFC75990030974E /* ThirdPart */ = {
			isa = PBXGroup;
			children = (
				C6585582202D97B2005AAC69 /* LYSpeechSynthesizer */,
				C63E9B4F2019DED6008D04C5 /* LYHealthManager */,
				C66D7E23200A04C100BE7D9A /* LYKeychain */,
			);
			path = ThirdPart;
			sourceTree = "<group>";
		};
		C63A16331FFCBE500030974E /* BaseActions */ = {
			isa = PBXGroup;
			children = (
				C63A16391FFCBE9A0030974E /* BaseNavigationController.h */,
				C63A16371FFCBE9A0030974E /* BaseNavigationController.m */,
				C63A16381FFCBE9A0030974E /* BaseTabBarController.h */,
				C63A16341FFCBE990030974E /* BaseTabBarController.m */,
				C63A16351FFCBE990030974E /* BaseViewController.h */,
				C63A16361FFCBE9A0030974E /* BaseViewController.m */,
			);
			path = BaseActions;
			sourceTree = "<group>";
		};
		C63A163D1FFCC0930030974E /* Mine */ = {
			isa = PBXGroup;
			children = (
				C63A16441FFCD0540030974E /* MineViewController.h */,
				C63A16451FFCD0540030974E /* MineViewController.m */,
				C66326D01FFDC81A00A98E29 /* Controllers */,
			);
			path = Mine;
			sourceTree = "<group>";
		};
		C63A163E1FFCC09D0030974E /* Third */ = {
			isa = PBXGroup;
			children = (
				C63A164A1FFCD06F0030974E /* ThirdViewController.h */,
				C63A164B1FFCD06F0030974E /* ThirdViewController.m */,
			);
			path = Third;
			sourceTree = "<group>";
		};
		C63A163F1FFCC0DE0030974E /* Home */ = {
			isa = PBXGroup;
			children = (
				C63A16411FFCCFC70030974E /* HomeViewController.h */,
				C63A16421FFCCFC70030974E /* HomeViewController.m */,
			);
			path = Home;
			sourceTree = "<group>";
		};
		C63A16401FFCC5CC0030974E /* Second */ = {
			isa = PBXGroup;
			children = (
				C63A16471FFCD0640030974E /* SecondViewController.h */,
				C63A16481FFCD0640030974E /* SecondViewController.m */,
			);
			path = Second;
			sourceTree = "<group>";
		};
		C63E9B4B2019DA6E008D04C5 /* HealthKit */ = {
			isa = PBXGroup;
			children = (
				C63E9B4C2019DAB0008D04C5 /* HealthViewController.h */,
				C63E9B4D2019DAB0008D04C5 /* HealthViewController.m */,
			);
			name = HealthKit;
			sourceTree = "<group>";
		};
		C63E9B4F2019DED6008D04C5 /* LYHealthManager */ = {
			isa = PBXGroup;
			children = (
				C63E9B48201980A4008D04C5 /* LYHealthManager.h */,
				C63E9B49201980A4008D04C5 /* LYHealthManager.m */,
			);
			path = LYHealthManager;
			sourceTree = "<group>";
		};
		C646EA5D200758D300BF17BE /* PaoMa */ = {
			isa = PBXGroup;
			children = (
				C646EA5E2007590D00BF17BE /* PaoMaViewController.h */,
				C646EA5F2007590D00BF17BE /* PaoMaViewController.m */,
			);
			name = PaoMa;
			sourceTree = "<group>";
		};
		C6585582202D97B2005AAC69 /* LYSpeechSynthesizer */ = {
			isa = PBXGroup;
			children = (
				C6585583202D97B2005AAC69 /* LYSpeechSynthesizer.h */,
				C6585584202D97B2005AAC69 /* LYSpeechSynthesizer.m */,
			);
			path = LYSpeechSynthesizer;
			sourceTree = "<group>";
		};
		C66326D01FFDC81A00A98E29 /* Controllers */ = {
			isa = PBXGroup;
			children = (
				C66326D31FFE0BEC00A98E29 /* FontName */,
				C66326D41FFE0C0C00A98E29 /* Bezier */,
				C6C4F2CB204942E200CB5E5D /* AFDownload */,
				C6C4F2CF2049558A00CB5E5D /* LocalNotification */,
				C66326DB1FFE1EC700A98E29 /* WKWebView */,
				C66C688F202981F2007628A7 /* GCD */,
				C66FFF1F202196AC004A6F45 /* NSTimer */,
				C689783F1FFF1D6600454D6A /* Delegate */,
				C646EA5D200758D300BF17BE /* PaoMa */,
				C66E260C2008B0A1007691E8 /* UUID */,
				C676E7521FFF82F900230716 /* Copy&MutableCopy */,
				C63E9B4B2019DA6E008D04C5 /* HealthKit */,
			);
			path = Controllers;
			sourceTree = "<group>";
		};
		C66326D31FFE0BEC00A98E29 /* FontName */ = {
			isa = PBXGroup;
			children = (
				C66326D61FFE0C5400A98E29 /* FontNameViewController.h */,
				C66326D71FFE0C5400A98E29 /* FontNameViewController.m */,
			);
			name = FontName;
			sourceTree = "<group>";
		};
		C66326D41FFE0C0C00A98E29 /* Bezier */ = {
			isa = PBXGroup;
			children = (
				C6510B76202BF15D0094E87E /* BezierViewController.h */,
				C6510B75202BF15D0094E87E /* BezierViewController.m */,
				C6510B79202BF1650094E87E /* UIBezierPathView.h */,
				C6510B78202BF1650094E87E /* UIBezierPathView.m */,
			);
			name = Bezier;
			sourceTree = "<group>";
		};
		C66326DB1FFE1EC700A98E29 /* WKWebView */ = {
			isa = PBXGroup;
			children = (
				C66326DC1FFE1EE700A98E29 /* WebViewController.h */,
				C66326DD1FFE1EE700A98E29 /* WebViewController.m */,
				C6C17B18202599480081FBFA /* WKWebViewController.h */,
				C6C17B19202599480081FBFA /* WKWebViewController.m */,
			);
			name = WKWebView;
			sourceTree = "<group>";
		};
		C66C688F202981F2007628A7 /* GCD */ = {
			isa = PBXGroup;
			children = (
				C66C689120298218007628A7 /* GCDViewController.h */,
				C66C689020298218007628A7 /* GCDViewController.m */,
			);
			name = GCD;
			sourceTree = "<group>";
		};
		C66D543820181BCE009FF2F3 /* Common */ = {
			isa = PBXGroup;
			children = (
				C66326D11FFE000F00A98E29 /* IronMan.jpg */,
				C66326D91FFE103900A98E29 /* 迷你简丫丫.ttf */,
			);
			path = Common;
			sourceTree = "<group>";
		};
		C66D543920181C17009FF2F3 /* TabBar */ = {
			isa = PBXGroup;
			children = (
				C66D543C20181C17009FF2F3 /* home@2x.png */,
				C66D543D20181C17009FF2F3 /* home@3x.png */,
				C66D543E20181C17009FF2F3 /* home_select@2x.png */,
				C66D543F20181C17009FF2F3 /* home_select@3x.png */,
				C66D544020181C17009FF2F3 /* me@2x.png */,
				C66D544120181C17009FF2F3 /* me@3x.png */,
				C66D544220181C17009FF2F3 /* me_select@2x.png */,
				C66D544320181C17009FF2F3 /* me_select@3x.png */,
				C66D544420181C17009FF2F3 /* msgBoard@2x.png */,
				C66D544520181C17009FF2F3 /* msgBoard@3x.png */,
				C66D544620181C17009FF2F3 /* msgBoard_select@2x.png */,
				C66D544720181C17009FF2F3 /* msgBoard_select@3x.png */,
				C66D544820181C17009FF2F3 /* shop@2x.png */,
				C66D544920181C17009FF2F3 /* shop@3x.png */,
				C66D544A20181C17009FF2F3 /* shop_select@2x.png */,
				C66D544B20181C17009FF2F3 /* shop_select@3x.png */,
			);
			path = TabBar;
			sourceTree = "<group>";
		};
		C66D7E23200A04C100BE7D9A /* LYKeychain */ = {
			isa = PBXGroup;
			children = (
				C66D7E24200A04DA00BE7D9A /* LYKeychain.h */,
				C66D7E25200A04DA00BE7D9A /* LYKeychain.m */,
			);
			path = LYKeychain;
			sourceTree = "<group>";
		};
		C66E26092008A426007691E8 /* Frameworks */ = {
			isa = PBXGroup;
			children = (
				C63E9B46201978E9008D04C5 /* HealthKit.framework */,
				C66E260A2008A427007691E8 /* Security.framework */,
				32B3CB7DA9EB7635964ACEEF /* libPods-LYDemo.a */,
			);
			name = Frameworks;
			sourceTree = "<group>";
		};
		C66E260C2008B0A1007691E8 /* UUID */ = {
			isa = PBXGroup;
			children = (
				C66E260D2008B0D2007691E8 /* UUIDViewController.h */,
				C66E260E2008B0D2007691E8 /* UUIDViewController.m */,
				C66D7E27200A08DE00BE7D9A /* UUIDKeychainManager.h */,
				C66D7E28200A08DE00BE7D9A /* UUIDKeychainManager.m */,
			);
			name = UUID;
			sourceTree = "<group>";
		};
		C66FFF1F202196AC004A6F45 /* NSTimer */ = {
			isa = PBXGroup;
			children = (
				C66FFF20202196B7004A6F45 /* NSTimerViewController.h */,
				C66FFF21202196B7004A6F45 /* NSTimerViewController.m */,
			);
			name = NSTimer;
			sourceTree = "<group>";
		};
		C676E7521FFF82F900230716 /* Copy&MutableCopy */ = {
			isa = PBXGroup;
			children = (
				C65C39B5200DA1360080AF4D /* CopyViewController.h */,
				C65C39B6200DA1360080AF4D /* CopyViewController.m */,
				C65C39B8200DA1F20080AF4D /* CopyModel.h */,
				C65C39B9200DA1F20080AF4D /* CopyModel.m */,
			);
			name = "Copy&MutableCopy";
			sourceTree = "<group>";
		};
		C689783F1FFF1D6600454D6A /* Delegate */ = {
			isa = PBXGroup;
			children = (
			);
			name = Delegate;
			sourceTree = "<group>";
		};
		C6C4F2CB204942E200CB5E5D /* AFDownload */ = {
			isa = PBXGroup;
			children = (
				C6C4F2CC2049430000CB5E5D /* AFDownloadViewController.h */,
				C6C4F2CD2049430000CB5E5D /* AFDownloadViewController.m */,
			);
			name = AFDownload;
			sourceTree = "<group>";
		};
		C6C4F2CF2049558A00CB5E5D /* LocalNotification */ = {
			isa = PBXGroup;
			children = (
				C6C4F2D0204955A400CB5E5D /* LocalNotiViewController.h */,
				C6C4F2D1204955A400CB5E5D /* LocalNotiViewController.m */,
			);
			name = LocalNotification;
			sourceTree = "<group>";
		};
/* End PBXGroup section */

/* Begin PBXNativeTarget section */
		C61B36271FFB8BBD0080BFDE /* LYDemo */ = {
			isa = PBXNativeTarget;
			buildConfigurationList = C61B363E1FFB8BBD0080BFDE /* Build configuration list for PBXNativeTarget "LYDemo" */;
			buildPhases = (
				27B528AE39D10052740A5DD1 /* [CP] Check Pods Manifest.lock */,
				C61B36241FFB8BBD0080BFDE /* Sources */,
				C61B36251FFB8BBD0080BFDE /* Frameworks */,
				C61B36261FFB8BBD0080BFDE /* Resources */,
				AC4EA2D2E886D4AFCD30A936 /* [CP] Embed Pods Frameworks */,
				29C82BFF361F82A9145E1C64 /* [CP] Copy Pods Resources */,
			);
			buildRules = (
			);
			dependencies = (
			);
			name = LYDemo;
			productName = LYDemo;
			productReference = C61B36281FFB8BBD0080BFDE /* LYDemo.app */;
			productType = "com.apple.product-type.application";
		};
/* End PBXNativeTarget section */

/* Begin PBXProject section */
		C61B36201FFB8BBD0080BFDE /* Project object */ = {
			isa = PBXProject;
			attributes = {
				LastUpgradeCheck = 0910;
				ORGANIZATIONNAME = kosien;
				TargetAttributes = {
					C61B36271FFB8BBD0080BFDE = {
						CreatedOnToolsVersion = 9.1;
						ProvisioningStyle = Manual;
						SystemCapabilities = {
							com.apple.HealthKit = {
								enabled = 1;
							};
						};
					};
				};
			};
			buildConfigurationList = C61B36231FFB8BBD0080BFDE /* Build configuration list for PBXProject "LYDemo" */;
			compatibilityVersion = "Xcode 8.0";
			developmentRegion = en;
			hasScannedForEncodings = 0;
			knownRegions = (
				en,
				Base,
			);
			mainGroup = C61B361F1FFB8BBD0080BFDE;
			productRefGroup = C61B36291FFB8BBD0080BFDE /* Products */;
			projectDirPath = "";
			projectRoot = "";
			targets = (
				C61B36271FFB8BBD0080BFDE /* LYDemo */,
			);
		};
/* End PBXProject section */

/* Begin PBXResourcesBuildPhase section */
		C61B36261FFB8BBD0080BFDE /* Resources */ = {
			isa = PBXResourcesBuildPhase;
			buildActionMask = 2147483647;
			files = (
				C66D545920181C17009FF2F3 /* msgBoard_select@3x.png in Resources */,
				C66D545420181C17009FF2F3 /* me_select@2x.png in Resources */,
				C66D545820181C17009FF2F3 /* msgBoard_select@2x.png in Resources */,
				C66D545220181C17009FF2F3 /* me@2x.png in Resources */,
				C61B36381FFB8BBD0080BFDE /* LaunchScreen.storyboard in Resources */,
				C66D544E20181C17009FF2F3 /* home@2x.png in Resources */,
				C66D545A20181C17009FF2F3 /* shop@2x.png in Resources */,
				C66D545520181C17009FF2F3 /* me_select@3x.png in Resources */,
				C66D544F20181C17009FF2F3 /* home@3x.png in Resources */,
				C66D545720181C17009FF2F3 /* msgBoard@3x.png in Resources */,
				C66D545B20181C17009FF2F3 /* shop@3x.png in Resources */,
				C66D545D20181C17009FF2F3 /* shop_select@3x.png in Resources */,
				C61B36351FFB8BBD0080BFDE /* Assets.xcassets in Resources */,
				C66D545320181C17009FF2F3 /* me@3x.png in Resources */,
				C61B36331FFB8BBD0080BFDE /* Main.storyboard in Resources */,
				C66D545120181C17009FF2F3 /* home_select@3x.png in Resources */,
				C66D545C20181C17009FF2F3 /* shop_select@2x.png in Resources */,
				C66D545620181C17009FF2F3 /* msgBoard@2x.png in Resources */,
				C66D545020181C17009FF2F3 /* home_select@2x.png in Resources */,
				C66326DA1FFE103900A98E29 /* 迷你简丫丫.ttf in Resources */,
				C66326D21FFE000F00A98E29 /* IronMan.jpg in Resources */,
			);
			runOnlyForDeploymentPostprocessing = 0;
		};
/* End PBXResourcesBuildPhase section */

/* Begin PBXShellScriptBuildPhase section */
		27B528AE39D10052740A5DD1 /* [CP] Check Pods Manifest.lock */ = {
			isa = PBXShellScriptBuildPhase;
			buildActionMask = 2147483647;
			files = (
			);
			inputPaths = (
				"${PODS_PODFILE_DIR_PATH}/Podfile.lock",
				"${PODS_ROOT}/Manifest.lock",
			);
			name = "[CP] Check Pods Manifest.lock";
			outputPaths = (
				"$(DERIVED_FILE_DIR)/Pods-LYDemo-checkManifestLockResult.txt",
			);
			runOnlyForDeploymentPostprocessing = 0;
			shellPath = /bin/sh;
			shellScript = "diff \"${PODS_PODFILE_DIR_PATH}/Podfile.lock\" \"${PODS_ROOT}/Manifest.lock\" > /dev/null\nif [ $? != 0 ] ; then\n    # print error to STDERR\n    echo \"error: The sandbox is not in sync with the Podfile.lock. Run 'pod install' or update your CocoaPods installation.\" >&2\n    exit 1\nfi\n# This output is used by Xcode 'outputs' to avoid re-running this script phase.\necho \"SUCCESS\" > \"${SCRIPT_OUTPUT_FILE_0}\"\n";
			showEnvVarsInLog = 0;
		};
		29C82BFF361F82A9145E1C64 /* [CP] Copy Pods Resources */ = {
			isa = PBXShellScriptBuildPhase;
			buildActionMask = 2147483647;
			files = (
			);
			inputPaths = (
			);
			name = "[CP] Copy Pods Resources";
			outputPaths = (
			);
			runOnlyForDeploymentPostprocessing = 0;
			shellPath = /bin/sh;
			shellScript = "\"${SRCROOT}/Pods/Target Support Files/Pods-LYDemo/Pods-LYDemo-resources.sh\"\n";
			showEnvVarsInLog = 0;
		};
		AC4EA2D2E886D4AFCD30A936 /* [CP] Embed Pods Frameworks */ = {
			isa = PBXShellScriptBuildPhase;
			buildActionMask = 2147483647;
			files = (
			);
			inputPaths = (
			);
			name = "[CP] Embed Pods Frameworks";
			outputPaths = (
			);
			runOnlyForDeploymentPostprocessing = 0;
			shellPath = /bin/sh;
			shellScript = "\"${SRCROOT}/Pods/Target Support Files/Pods-LYDemo/Pods-LYDemo-frameworks.sh\"\n";
			showEnvVarsInLog = 0;
		};
/* End PBXShellScriptBuildPhase section */

/* Begin PBXSourcesBuildPhase section */
		C61B36241FFB8BBD0080BFDE /* Sources */ = {
			isa = PBXSourcesBuildPhase;
			buildActionMask = 2147483647;
			files = (
				C63A16231FFC78A70030974E /* Tools.m in Sources */,
				C65C39BA200DA1F20080AF4D /* CopyModel.m in Sources */,
				C63E9B4A201980A4008D04C5 /* LYHealthManager.m in Sources */,
				C66FFF22202196B8004A6F45 /* NSTimerViewController.m in Sources */,
				C63A16491FFCD0640030974E /* SecondViewController.m in Sources */,
				C63A163B1FFCBE9A0030974E /* BaseViewController.m in Sources */,
				C63A16291FFC79FA0030974E /* UIImageView+RotateImgV.m in Sources */,
				C63A16461FFCD0540030974E /* MineViewController.m in Sources */,
				C6510B7A202BF1650094E87E /* UIBezierPathView.m in Sources */,
				C63A162F1FFC87AC0030974E /* NSDateFormatter+Category.m in Sources */,
				C646EA602007590D00BF17BE /* PaoMaViewController.m in Sources */,
				C66E2604200893CD007691E8 /* UIView+LYExtension.m in Sources */,
				C66C689220298218007628A7 /* GCDViewController.m in Sources */,
				C63A164C1FFCD06F0030974E /* ThirdViewController.m in Sources */,
				C63A163C1FFCBE9A0030974E /* BaseNavigationController.m in Sources */,
				C61B363B1FFB8BBD0080BFDE /* main.m in Sources */,
				C66326D81FFE0C5400A98E29 /* FontNameViewController.m in Sources */,
				C66E260F2008B0D2007691E8 /* UUIDViewController.m in Sources */,
				C66D7E29200A08DE00BE7D9A /* UUIDKeychainManager.m in Sources */,
				C6C4F2CE2049430000CB5E5D /* AFDownloadViewController.m in Sources */,
				C63A16431FFCCFC70030974E /* HomeViewController.m in Sources */,
				C6C4F2D2204955A400CB5E5D /* LocalNotiViewController.m in Sources */,
				C65C39B7200DA1360080AF4D /* CopyViewController.m in Sources */,
				C6510B77202BF15D0094E87E /* BezierViewController.m in Sources */,
				C66326DE1FFE1EE700A98E29 /* WebViewController.m in Sources */,
				C6C17B1A202599480081FBFA /* WKWebViewController.m in Sources */,
				C63A163A1FFCBE9A0030974E /* BaseTabBarController.m in Sources */,
				C66D7E26200A04DA00BE7D9A /* LYKeychain.m in Sources */,
				C6585585202D97B2005AAC69 /* LYSpeechSynthesizer.m in Sources */,
				C63A16281FFC79FA0030974E /* NSString+Valid.m in Sources */,
				C61B362D1FFB8BBD0080BFDE /* AppDelegate.m in Sources */,
				C63E9B4E2019DAB0008D04C5 /* HealthViewController.m in Sources */,
				C63A16321FFCBC980030974E /* AppDelegate+RootController.m in Sources */,
			);
			runOnlyForDeploymentPostprocessing = 0;
		};
/* End PBXSourcesBuildPhase section */

/* Begin PBXVariantGroup section */
		C61B36311FFB8BBD0080BFDE /* Main.storyboard */ = {
			isa = PBXVariantGroup;
			children = (
				C61B36321FFB8BBD0080BFDE /* Base */,
			);
			name = Main.storyboard;
			sourceTree = "<group>";
		};
		C61B36361FFB8BBD0080BFDE /* LaunchScreen.storyboard */ = {
			isa = PBXVariantGroup;
			children = (
				C61B36371FFB8BBD0080BFDE /* Base */,
			);
			name = LaunchScreen.storyboard;
			sourceTree = "<group>";
		};
/* End PBXVariantGroup section */

/* Begin XCBuildConfiguration section */
		C61B363C1FFB8BBD0080BFDE /* Debug */ = {
			isa = XCBuildConfiguration;
			buildSettings = {
				ALWAYS_SEARCH_USER_PATHS = NO;
				CLANG_ANALYZER_NONNULL = YES;
				CLANG_ANALYZER_NUMBER_OBJECT_CONVERSION = YES_AGGRESSIVE;
				CLANG_CXX_LANGUAGE_STANDARD = "gnu++14";
				CLANG_CXX_LIBRARY = "libc++";
				CLANG_ENABLE_MODULES = YES;
				CLANG_ENABLE_OBJC_ARC = YES;
				CLANG_WARN_BLOCK_CAPTURE_AUTORELEASING = YES;
				CLANG_WARN_BOOL_CONVERSION = YES;
				CLANG_WARN_COMMA = YES;
				CLANG_WARN_CONSTANT_CONVERSION = YES;
				CLANG_WARN_DIRECT_OBJC_ISA_USAGE = YES_ERROR;
				CLANG_WARN_DOCUMENTATION_COMMENTS = YES;
				CLANG_WARN_EMPTY_BODY = YES;
				CLANG_WARN_ENUM_CONVERSION = YES;
				CLANG_WARN_INFINITE_RECURSION = YES;
				CLANG_WARN_INT_CONVERSION = YES;
				CLANG_WARN_NON_LITERAL_NULL_CONVERSION = YES;
				CLANG_WARN_OBJC_LITERAL_CONVERSION = YES;
				CLANG_WARN_OBJC_ROOT_CLASS = YES_ERROR;
				CLANG_WARN_RANGE_LOOP_ANALYSIS = YES;
				CLANG_WARN_STRICT_PROTOTYPES = YES;
				CLANG_WARN_SUSPICIOUS_MOVE = YES;
				CLANG_WARN_UNGUARDED_AVAILABILITY = YES_AGGRESSIVE;
				CLANG_WARN_UNREACHABLE_CODE = YES;
				CLANG_WARN__DUPLICATE_METHOD_MATCH = YES;
				CODE_SIGN_IDENTITY = "iPhone Developer";
				COPY_PHASE_STRIP = NO;
				DEBUG_INFORMATION_FORMAT = dwarf;
				ENABLE_STRICT_OBJC_MSGSEND = YES;
				ENABLE_TESTABILITY = YES;
				GCC_C_LANGUAGE_STANDARD = gnu11;
				GCC_DYNAMIC_NO_PIC = NO;
				GCC_NO_COMMON_BLOCKS = YES;
				GCC_OPTIMIZATION_LEVEL = 0;
				GCC_PREPROCESSOR_DEFINITIONS = (
					"DEBUG=1",
					"$(inherited)",
				);
				GCC_WARN_64_TO_32_BIT_CONVERSION = YES;
				GCC_WARN_ABOUT_RETURN_TYPE = YES_ERROR;
				GCC_WARN_UNDECLARED_SELECTOR = YES;
				GCC_WARN_UNINITIALIZED_AUTOS = YES_AGGRESSIVE;
				GCC_WARN_UNUSED_FUNCTION = YES;
				GCC_WARN_UNUSED_VARIABLE = YES;
				IPHONEOS_DEPLOYMENT_TARGET = 8.0;
				MTL_ENABLE_DEBUG_INFO = YES;
				ONLY_ACTIVE_ARCH = YES;
				SDKROOT = iphoneos;
			};
			name = Debug;
		};
		C61B363D1FFB8BBD0080BFDE /* Release */ = {
			isa = XCBuildConfiguration;
			buildSettings = {
				ALWAYS_SEARCH_USER_PATHS = NO;
				CLANG_ANALYZER_NONNULL = YES;
				CLANG_ANALYZER_NUMBER_OBJECT_CONVERSION = YES_AGGRESSIVE;
				CLANG_CXX_LANGUAGE_STANDARD = "gnu++14";
				CLANG_CXX_LIBRARY = "libc++";
				CLANG_ENABLE_MODULES = YES;
				CLANG_ENABLE_OBJC_ARC = YES;
				CLANG_WARN_BLOCK_CAPTURE_AUTORELEASING = YES;
				CLANG_WARN_BOOL_CONVERSION = YES;
				CLANG_WARN_COMMA = YES;
				CLANG_WARN_CONSTANT_CONVERSION = YES;
				CLANG_WARN_DIRECT_OBJC_ISA_USAGE = YES_ERROR;
				CLANG_WARN_DOCUMENTATION_COMMENTS = YES;
				CLANG_WARN_EMPTY_BODY = YES;
				CLANG_WARN_ENUM_CONVERSION = YES;
				CLANG_WARN_INFINITE_RECURSION = YES;
				CLANG_WARN_INT_CONVERSION = YES;
				CLANG_WARN_NON_LITERAL_NULL_CONVERSION = YES;
				CLANG_WARN_OBJC_LITERAL_CONVERSION = YES;
				CLANG_WARN_OBJC_ROOT_CLASS = YES_ERROR;
				CLANG_WARN_RANGE_LOOP_ANALYSIS = YES;
				CLANG_WARN_STRICT_PROTOTYPES = YES;
				CLANG_WARN_SUSPICIOUS_MOVE = YES;
				CLANG_WARN_UNGUARDED_AVAILABILITY = YES_AGGRESSIVE;
				CLANG_WARN_UNREACHABLE_CODE = YES;
				CLANG_WARN__DUPLICATE_METHOD_MATCH = YES;
				CODE_SIGN_IDENTITY = "iPhone Developer";
				COPY_PHASE_STRIP = NO;
				DEBUG_INFORMATION_FORMAT = "dwarf-with-dsym";
				ENABLE_NS_ASSERTIONS = NO;
				ENABLE_STRICT_OBJC_MSGSEND = YES;
				GCC_C_LANGUAGE_STANDARD = gnu11;
				GCC_NO_COMMON_BLOCKS = YES;
				GCC_WARN_64_TO_32_BIT_CONVERSION = YES;
				GCC_WARN_ABOUT_RETURN_TYPE = YES_ERROR;
				GCC_WARN_UNDECLARED_SELECTOR = YES;
				GCC_WARN_UNINITIALIZED_AUTOS = YES_AGGRESSIVE;
				GCC_WARN_UNUSED_FUNCTION = YES;
				GCC_WARN_UNUSED_VARIABLE = YES;
				IPHONEOS_DEPLOYMENT_TARGET = 8.0;
				MTL_ENABLE_DEBUG_INFO = NO;
				SDKROOT = iphoneos;
				VALIDATE_PRODUCT = YES;
			};
			name = Release;
		};
		C61B363F1FFB8BBD0080BFDE /* Debug */ = {
			isa = XCBuildConfiguration;
			baseConfigurationReference = 9B67FAC31D49778428557633 /* Pods-LYDemo.debug.xcconfig */;
			buildSettings = {
				ASSETCATALOG_COMPILER_APPICON_NAME = AppIcon;
				CODE_SIGN_ENTITLEMENTS = LYDemo/LYDemo.entitlements;
				"CODE_SIGN_IDENTITY[sdk=iphoneos*]" = "iPhone Developer";
				CODE_SIGN_STYLE = Manual;
				DEVELOPMENT_TEAM = ZE26F429EL;
				ENABLE_BITCODE = NO;
				GCC_PREFIX_HEADER = "$(SRCROOT)/LYDemo/LYDemo.pch";
				INFOPLIST_FILE = LYDemo/Info.plist;
				IPHONEOS_DEPLOYMENT_TARGET = 8.0;
				LD_RUNPATH_SEARCH_PATHS = "$(inherited) @executable_path/Frameworks";
				PRODUCT_BUNDLE_IDENTIFIER = com.kosien.demo;
				PRODUCT_NAME = "$(TARGET_NAME)";
				PROVISIONING_PROFILE = "800f702c-4622-4a74-aeb3-01964b1e7de3";
				PROVISIONING_PROFILE_SPECIFIER = "Demo-dev";
				TARGETED_DEVICE_FAMILY = 1;
			};
			name = Debug;
		};
		C61B36401FFB8BBD0080BFDE /* Release */ = {
			isa = XCBuildConfiguration;
			baseConfigurationReference = 7B3A87205056319D42429D43 /* Pods-LYDemo.release.xcconfig */;
			buildSettings = {
				ASSETCATALOG_COMPILER_APPICON_NAME = AppIcon;
				CODE_SIGN_ENTITLEMENTS = LYDemo/LYDemo.entitlements;
				"CODE_SIGN_IDENTITY[sdk=iphoneos*]" = "iPhone Developer";
				CODE_SIGN_STYLE = Manual;
				DEVELOPMENT_TEAM = ZE26F429EL;
				ENABLE_BITCODE = NO;
				GCC_PREFIX_HEADER = "$(SRCROOT)/LYDemo/LYDemo.pch";
				INFOPLIST_FILE = LYDemo/Info.plist;
				IPHONEOS_DEPLOYMENT_TARGET = 8.0;
				LD_RUNPATH_SEARCH_PATHS = "$(inherited) @executable_path/Frameworks";
				PRODUCT_BUNDLE_IDENTIFIER = com.kosien.demo;
				PRODUCT_NAME = "$(TARGET_NAME)";
				PROVISIONING_PROFILE = "800f702c-4622-4a74-aeb3-01964b1e7de3";
				PROVISIONING_PROFILE_SPECIFIER = "Demo-dev";
				TARGETED_DEVICE_FAMILY = 1;
			};
			name = Release;
		};
/* End XCBuildConfiguration section */

/* Begin XCConfigurationList section */
		C61B36231FFB8BBD0080BFDE /* Build configuration list for PBXProject "LYDemo" */ = {
			isa = XCConfigurationList;
			buildConfigurations = (
				C61B363C1FFB8BBD0080BFDE /* Debug */,
				C61B363D1FFB8BBD0080BFDE /* Release */,
			);
			defaultConfigurationIsVisible = 0;
			defaultConfigurationName = Release;
		};
		C61B363E1FFB8BBD0080BFDE /* Build configuration list for PBXNativeTarget "LYDemo" */ = {
			isa = XCConfigurationList;
			buildConfigurations = (
				C61B363F1FFB8BBD0080BFDE /* Debug */,
				C61B36401FFB8BBD0080BFDE /* Release */,
			);
			defaultConfigurationIsVisible = 0;
			defaultConfigurationName = Release;
		};
/* End XCConfigurationList section */
	};
	rootObject = C61B36201FFB8BBD0080BFDE /* Project object */;
}
